// !$*UTF8*$!
{
	archiveVersion = 1;
	classes = {
	};
	objectVersion = 56;
	objects = {

/* Begin PBXBuildFile section */
		975DEF102A21F3FA0082BFA5 /* AppDelegate.swift in Sources */ = {isa = PBXBuildFile; fileRef = 975DEF0F2A21F3FA0082BFA5 /* AppDelegate.swift */; };
		975DEF122A21F3FA0082BFA5 /* ARTitleView.swift in Sources */ = {isa = PBXBuildFile; fileRef = 975DEF112A21F3FA0082BFA5 /* ARTitleView.swift */; };
		975DEF162A21F3FB0082BFA5 /* Assets.xcassets in Resources */ = {isa = PBXBuildFile; fileRef = 975DEF152A21F3FB0082BFA5 /* Assets.xcassets */; };
		975DEF192A21F3FB0082BFA5 /* Preview Assets.xcassets in Resources */ = {isa = PBXBuildFile; fileRef = 975DEF182A21F3FB0082BFA5 /* Preview Assets.xcassets */; };
		975DEF232A21F3FB0082BFA5 /* MazinShootingTests.swift in Sources */ = {isa = PBXBuildFile; fileRef = 975DEF222A21F3FB0082BFA5 /* MazinShootingTests.swift */; };
		975DEF2D2A21F3FB0082BFA5 /* MazinShootingUITests.swift in Sources */ = {isa = PBXBuildFile; fileRef = 975DEF2C2A21F3FB0082BFA5 /* MazinShootingUITests.swift */; };
		975DEF2F2A21F3FB0082BFA5 /* MazinShootingUITestsLaunchTests.swift in Sources */ = {isa = PBXBuildFile; fileRef = 975DEF2E2A21F3FB0082BFA5 /* MazinShootingUITestsLaunchTests.swift */; };
		975DEF3C2A2213C40082BFA5 /* Launch Screen.storyboard in Resources */ = {isa = PBXBuildFile; fileRef = 975DEF3B2A2213C40082BFA5 /* Launch Screen.storyboard */; };
		975DEF3F2A2217C40082BFA5 /* GameInfo.swift in Sources */ = {isa = PBXBuildFile; fileRef = 975DEF3E2A2217C40082BFA5 /* GameInfo.swift */; };
		975DEF422A221A470082BFA5 /* ARShootingView.swift in Sources */ = {isa = PBXBuildFile; fileRef = 975DEF412A221A470082BFA5 /* ARShootingView.swift */; };
		975DEF442A221CF80082BFA5 /* ARShootingView+Coaching.swift in Sources */ = {isa = PBXBuildFile; fileRef = 975DEF432A221CF80082BFA5 /* ARShootingView+Coaching.swift */; };
		975DEF462A22231A0082BFA5 /* GameStages.rcproject in Sources */ = {isa = PBXBuildFile; fileRef = 975DEF452A2221880082BFA5 /* GameStages.rcproject */; };
		9761A27E2A22CA8D000E86AA /* CameraBox.swift in Sources */ = {isa = PBXBuildFile; fileRef = 9761A27D2A22CA8D000E86AA /* CameraBox.swift */; };
		9794B9EA2A223CF80033FC18 /* BulletSphere.swift in Sources */ = {isa = PBXBuildFile; fileRef = 9794B9E92A223CF80033FC18 /* BulletSphere.swift */; };
/* End PBXBuildFile section */

/* Begin PBXContainerItemProxy section */
		975DEF1F2A21F3FB0082BFA5 /* PBXContainerItemProxy */ = {
			isa = PBXContainerItemProxy;
			containerPortal = 975DEF042A21F3FA0082BFA5 /* Project object */;
			proxyType = 1;
			remoteGlobalIDString = 975DEF0B2A21F3FA0082BFA5;
			remoteInfo = MazinShooting;
		};
		975DEF292A21F3FB0082BFA5 /* PBXContainerItemProxy */ = {
			isa = PBXContainerItemProxy;
			containerPortal = 975DEF042A21F3FA0082BFA5 /* Project object */;
			proxyType = 1;
			remoteGlobalIDString = 975DEF0B2A21F3FA0082BFA5;
			remoteInfo = MazinShooting;
		};
/* End PBXContainerItemProxy section */

/* Begin PBXFileReference section */
		975DEF0C2A21F3FA0082BFA5 /* MazinShooting.app */ = {isa = PBXFileReference; explicitFileType = wrapper.application; includeInIndex = 0; path = MazinShooting.app; sourceTree = BUILT_PRODUCTS_DIR; };
		975DEF0F2A21F3FA0082BFA5 /* AppDelegate.swift */ = {isa = PBXFileReference; lastKnownFileType = sourcecode.swift; path = AppDelegate.swift; sourceTree = "<group>"; };
		975DEF112A21F3FA0082BFA5 /* ARTitleView.swift */ = {isa = PBXFileReference; lastKnownFileType = sourcecode.swift; path = ARTitleView.swift; sourceTree = "<group>"; };
		975DEF152A21F3FB0082BFA5 /* Assets.xcassets */ = {isa = PBXFileReference; lastKnownFileType = folder.assetcatalog; path = Assets.xcassets; sourceTree = "<group>"; };
		975DEF182A21F3FB0082BFA5 /* Preview Assets.xcassets */ = {isa = PBXFileReference; lastKnownFileType = folder.assetcatalog; path = "Preview Assets.xcassets"; sourceTree = "<group>"; };
		975DEF1E2A21F3FB0082BFA5 /* MazinShootingTests.xctest */ = {isa = PBXFileReference; explicitFileType = wrapper.cfbundle; includeInIndex = 0; path = MazinShootingTests.xctest; sourceTree = BUILT_PRODUCTS_DIR; };
		975DEF222A21F3FB0082BFA5 /* MazinShootingTests.swift */ = {isa = PBXFileReference; lastKnownFileType = sourcecode.swift; path = MazinShootingTests.swift; sourceTree = "<group>"; };
		975DEF282A21F3FB0082BFA5 /* MazinShootingUITests.xctest */ = {isa = PBXFileReference; explicitFileType = wrapper.cfbundle; includeInIndex = 0; path = MazinShootingUITests.xctest; sourceTree = BUILT_PRODUCTS_DIR; };
		975DEF2C2A21F3FB0082BFA5 /* MazinShootingUITests.swift */ = {isa = PBXFileReference; lastKnownFileType = sourcecode.swift; path = MazinShootingUITests.swift; sourceTree = "<group>"; };
		975DEF2E2A21F3FB0082BFA5 /* MazinShootingUITestsLaunchTests.swift */ = {isa = PBXFileReference; lastKnownFileType = sourcecode.swift; path = MazinShootingUITestsLaunchTests.swift; sourceTree = "<group>"; };
		975DEF3B2A2213C40082BFA5 /* Launch Screen.storyboard */ = {isa = PBXFileReference; lastKnownFileType = file.storyboard; path = "Launch Screen.storyboard"; sourceTree = "<group>"; };
		975DEF3D2A2213F70082BFA5 /* Info.plist */ = {isa = PBXFileReference; lastKnownFileType = text.plist; path = Info.plist; sourceTree = "<group>"; };
		975DEF3E2A2217C40082BFA5 /* GameInfo.swift */ = {isa = PBXFileReference; lastKnownFileType = sourcecode.swift; path = GameInfo.swift; sourceTree = "<group>"; };
		975DEF412A221A470082BFA5 /* ARShootingView.swift */ = {isa = PBXFileReference; lastKnownFileType = sourcecode.swift; path = ARShootingView.swift; sourceTree = "<group>"; };
		975DEF432A221CF80082BFA5 /* ARShootingView+Coaching.swift */ = {isa = PBXFileReference; lastKnownFileType = sourcecode.swift; path = "ARShootingView+Coaching.swift"; sourceTree = "<group>"; };
		975DEF452A2221880082BFA5 /* GameStages.rcproject */ = {isa = PBXFileReference; lastKnownFileType = file.rcproject; path = GameStages.rcproject; sourceTree = "<group>"; };
		9761A27D2A22CA8D000E86AA /* CameraBox.swift */ = {isa = PBXFileReference; lastKnownFileType = sourcecode.swift; path = CameraBox.swift; sourceTree = "<group>"; };
		9794B9E92A223CF80033FC18 /* BulletSphere.swift */ = {isa = PBXFileReference; lastKnownFileType = sourcecode.swift; path = BulletSphere.swift; sourceTree = "<group>"; };
/* End PBXFileReference section */

/* Begin PBXFrameworksBuildPhase section */
		975DEF092A21F3FA0082BFA5 /* Frameworks */ = {
			isa = PBXFrameworksBuildPhase;
			buildActionMask = 2147483647;
			files = (
			);
			runOnlyForDeploymentPostprocessing = 0;
		};
		975DEF1B2A21F3FB0082BFA5 /* Frameworks */ = {
			isa = PBXFrameworksBuildPhase;
			buildActionMask = 2147483647;
			files = (
			);
			runOnlyForDeploymentPostprocessing = 0;
		};
		975DEF252A21F3FB0082BFA5 /* Frameworks */ = {
			isa = PBXFrameworksBuildPhase;
			buildActionMask = 2147483647;
			files = (
			);
			runOnlyForDeploymentPostprocessing = 0;
		};
/* End PBXFrameworksBuildPhase section */

/* Begin PBXGroup section */
		975DEF032A21F3FA0082BFA5 = {
			isa = PBXGroup;
			children = (
				975DEF0E2A21F3FA0082BFA5 /* MazinShooting */,
				975DEF212A21F3FB0082BFA5 /* MazinShootingTests */,
				975DEF2B2A21F3FB0082BFA5 /* MazinShootingUITests */,
				975DEF0D2A21F3FA0082BFA5 /* Products */,
			);
			sourceTree = "<group>";
		};
		975DEF0D2A21F3FA0082BFA5 /* Products */ = {
			isa = PBXGroup;
			children = (
				975DEF0C2A21F3FA0082BFA5 /* MazinShooting.app */,
				975DEF1E2A21F3FB0082BFA5 /* MazinShootingTests.xctest */,
				975DEF282A21F3FB0082BFA5 /* MazinShootingUITests.xctest */,
			);
			name = Products;
			sourceTree = "<group>";
		};
		975DEF0E2A21F3FA0082BFA5 /* MazinShooting */ = {
			isa = PBXGroup;
			children = (
				975DEF3D2A2213F70082BFA5 /* Info.plist */,
				975DEF0F2A21F3FA0082BFA5 /* AppDelegate.swift */,
				9794B9E82A223CC50033FC18 /* ModelEntity */,
				975DEF112A21F3FA0082BFA5 /* ARTitleView.swift */,
				975DEF3E2A2217C40082BFA5 /* GameInfo.swift */,
				975DEF452A2221880082BFA5 /* GameStages.rcproject */,
				975DEF412A221A470082BFA5 /* ARShootingView.swift */,
				975DEF432A221CF80082BFA5 /* ARShootingView+Coaching.swift */,
				975DEF152A21F3FB0082BFA5 /* Assets.xcassets */,
				975DEF3B2A2213C40082BFA5 /* Launch Screen.storyboard */,
				975DEF172A21F3FB0082BFA5 /* Preview Content */,
			);
			path = MazinShooting;
			sourceTree = "<group>";
		};
		975DEF172A21F3FB0082BFA5 /* Preview Content */ = {
			isa = PBXGroup;
			children = (
				975DEF182A21F3FB0082BFA5 /* Preview Assets.xcassets */,
			);
			path = "Preview Content";
			sourceTree = "<group>";
		};
		975DEF212A21F3FB0082BFA5 /* MazinShootingTests */ = {
			isa = PBXGroup;
			children = (
				975DEF222A21F3FB0082BFA5 /* MazinShootingTests.swift */,
			);
			path = MazinShootingTests;
			sourceTree = "<group>";
		};
		975DEF2B2A21F3FB0082BFA5 /* MazinShootingUITests */ = {
			isa = PBXGroup;
			children = (
				975DEF2C2A21F3FB0082BFA5 /* MazinShootingUITests.swift */,
				975DEF2E2A21F3FB0082BFA5 /* MazinShootingUITestsLaunchTests.swift */,
			);
			path = MazinShootingUITests;
			sourceTree = "<group>";
		};
		9794B9E82A223CC50033FC18 /* ModelEntity */ = {
			isa = PBXGroup;
			children = (
				9794B9E92A223CF80033FC18 /* BulletSphere.swift */,
				9761A27D2A22CA8D000E86AA /* CameraBox.swift */,
			);
			path = ModelEntity;
			sourceTree = "<group>";
		};
/* End PBXGroup section */

/* Begin PBXNativeTarget section */
		975DEF0B2A21F3FA0082BFA5 /* MazinShooting */ = {
			isa = PBXNativeTarget;
			buildConfigurationList = 975DEF322A21F3FB0082BFA5 /* Build configuration list for PBXNativeTarget "MazinShooting" */;
			buildPhases = (
				975DEF082A21F3FA0082BFA5 /* Sources */,
				975DEF092A21F3FA0082BFA5 /* Frameworks */,
				975DEF0A2A21F3FA0082BFA5 /* Resources */,
			);
			buildRules = (
			);
			dependencies = (
			);
			name = MazinShooting;
			productName = MazinShooting;
			productReference = 975DEF0C2A21F3FA0082BFA5 /* MazinShooting.app */;
			productType = "com.apple.product-type.application";
		};
		975DEF1D2A21F3FB0082BFA5 /* MazinShootingTests */ = {
			isa = PBXNativeTarget;
			buildConfigurationList = 975DEF352A21F3FB0082BFA5 /* Build configuration list for PBXNativeTarget "MazinShootingTests" */;
			buildPhases = (
				975DEF1A2A21F3FB0082BFA5 /* Sources */,
				975DEF1B2A21F3FB0082BFA5 /* Frameworks */,
				975DEF1C2A21F3FB0082BFA5 /* Resources */,
			);
			buildRules = (
			);
			dependencies = (
				975DEF202A21F3FB0082BFA5 /* PBXTargetDependency */,
			);
			name = MazinShootingTests;
			productName = MazinShootingTests;
			productReference = 975DEF1E2A21F3FB0082BFA5 /* MazinShootingTests.xctest */;
			productType = "com.apple.product-type.bundle.unit-test";
		};
		975DEF272A21F3FB0082BFA5 /* MazinShootingUITests */ = {
			isa = PBXNativeTarget;
			buildConfigurationList = 975DEF382A21F3FB0082BFA5 /* Build configuration list for PBXNativeTarget "MazinShootingUITests" */;
			buildPhases = (
				975DEF242A21F3FB0082BFA5 /* Sources */,
				975DEF252A21F3FB0082BFA5 /* Frameworks */,
				975DEF262A21F3FB0082BFA5 /* Resources */,
			);
			buildRules = (
			);
			dependencies = (
				975DEF2A2A21F3FB0082BFA5 /* PBXTargetDependency */,
			);
			name = MazinShootingUITests;
			productName = MazinShootingUITests;
			productReference = 975DEF282A21F3FB0082BFA5 /* MazinShootingUITests.xctest */;
			productType = "com.apple.product-type.bundle.ui-testing";
		};
/* End PBXNativeTarget section */

/* Begin PBXProject section */
		975DEF042A21F3FA0082BFA5 /* Project object */ = {
			isa = PBXProject;
			attributes = {
				BuildIndependentTargetsInParallel = 1;
				LastSwiftUpdateCheck = 1430;
				LastUpgradeCheck = 1430;
				TargetAttributes = {
					975DEF0B2A21F3FA0082BFA5 = {
						CreatedOnToolsVersion = 14.3;
					};
					975DEF1D2A21F3FB0082BFA5 = {
						CreatedOnToolsVersion = 14.3;
						TestTargetID = 975DEF0B2A21F3FA0082BFA5;
					};
					975DEF272A21F3FB0082BFA5 = {
						CreatedOnToolsVersion = 14.3;
						TestTargetID = 975DEF0B2A21F3FA0082BFA5;
					};
				};
			};
			buildConfigurationList = 975DEF072A21F3FA0082BFA5 /* Build configuration list for PBXProject "MazinShooting" */;
			compatibilityVersion = "Xcode 14.0";
			developmentRegion = en;
			hasScannedForEncodings = 0;
			knownRegions = (
				en,
				Base,
				ja,
			);
			mainGroup = 975DEF032A21F3FA0082BFA5;
			productRefGroup = 975DEF0D2A21F3FA0082BFA5 /* Products */;
			projectDirPath = "";
			projectRoot = "";
			targets = (
				975DEF0B2A21F3FA0082BFA5 /* MazinShooting */,
				975DEF1D2A21F3FB0082BFA5 /* MazinShootingTests */,
				975DEF272A21F3FB0082BFA5 /* MazinShootingUITests */,
			);
		};
/* End PBXProject section */

/* Begin PBXResourcesBuildPhase section */
		975DEF0A2A21F3FA0082BFA5 /* Resources */ = {
			isa = PBXResourcesBuildPhase;
			buildActionMask = 2147483647;
			files = (
				975DEF3C2A2213C40082BFA5 /* Launch Screen.storyboard in Resources */,
				975DEF192A21F3FB0082BFA5 /* Preview Assets.xcassets in Resources */,
				975DEF162A21F3FB0082BFA5 /* Assets.xcassets in Resources */,
			);
			runOnlyForDeploymentPostprocessing = 0;
		};
		975DEF1C2A21F3FB0082BFA5 /* Resources */ = {
			isa = PBXResourcesBuildPhase;
			buildActionMask = 2147483647;
			files = (
			);
			runOnlyForDeploymentPostprocessing = 0;
		};
		975DEF262A21F3FB0082BFA5 /* Resources */ = {
			isa = PBXResourcesBuildPhase;
			buildActionMask = 2147483647;
			files = (
			);
			runOnlyForDeploymentPostprocessing = 0;
		};
/* End PBXResourcesBuildPhase section */

/* Begin PBXSourcesBuildPhase section */
		975DEF082A21F3FA0082BFA5 /* Sources */ = {
			isa = PBXSourcesBuildPhase;
			buildActionMask = 2147483647;
			files = (
				9794B9EA2A223CF80033FC18 /* BulletSphere.swift in Sources */,
				975DEF462A22231A0082BFA5 /* GameStages.rcproject in Sources */,
				975DEF122A21F3FA0082BFA5 /* ARTitleView.swift in Sources */,
				975DEF102A21F3FA0082BFA5 /* AppDelegate.swift in Sources */,
				9761A27E2A22CA8D000E86AA /* CameraBox.swift in Sources */,
				975DEF3F2A2217C40082BFA5 /* GameInfo.swift in Sources */,
				975DEF442A221CF80082BFA5 /* ARShootingView+Coaching.swift in Sources */,
				975DEF422A221A470082BFA5 /* ARShootingView.swift in Sources */,
			);
			runOnlyForDeploymentPostprocessing = 0;
		};
		975DEF1A2A21F3FB0082BFA5 /* Sources */ = {
			isa = PBXSourcesBuildPhase;
			buildActionMask = 2147483647;
			files = (
				975DEF232A21F3FB0082BFA5 /* MazinShootingTests.swift in Sources */,
			);
			runOnlyForDeploymentPostprocessing = 0;
		};
		975DEF242A21F3FB0082BFA5 /* Sources */ = {
			isa = PBXSourcesBuildPhase;
			buildActionMask = 2147483647;
			files = (
				975DEF2D2A21F3FB0082BFA5 /* MazinShootingUITests.swift in Sources */,
				975DEF2F2A21F3FB0082BFA5 /* MazinShootingUITestsLaunchTests.swift in Sources */,
			);
			runOnlyForDeploymentPostprocessing = 0;
		};
/* End PBXSourcesBuildPhase section */

/* Begin PBXTargetDependency section */
		975DEF202A21F3FB0082BFA5 /* PBXTargetDependency */ = {
			isa = PBXTargetDependency;
			target = 975DEF0B2A21F3FA0082BFA5 /* MazinShooting */;
			targetProxy = 975DEF1F2A21F3FB0082BFA5 /* PBXContainerItemProxy */;
		};
		975DEF2A2A21F3FB0082BFA5 /* PBXTargetDependency */ = {
			isa = PBXTargetDependency;
			target = 975DEF0B2A21F3FA0082BFA5 /* MazinShooting */;
			targetProxy = 975DEF292A21F3FB0082BFA5 /* PBXContainerItemProxy */;
		};
/* End PBXTargetDependency section */

/* Begin XCBuildConfiguration section */
		975DEF302A21F3FB0082BFA5 /* Debug */ = {
			isa = XCBuildConfiguration;
			buildSettings = {
				ALWAYS_SEARCH_USER_PATHS = NO;
				CLANG_ANALYZER_NONNULL = YES;
				CLANG_ANALYZER_NUMBER_OBJECT_CONVERSION = YES_AGGRESSIVE;
				CLANG_CXX_LANGUAGE_STANDARD = "gnu++20";
				CLANG_ENABLE_MODULES = YES;
				CLANG_ENABLE_OBJC_ARC = YES;
				CLANG_ENABLE_OBJC_WEAK = YES;
				CLANG_WARN_BLOCK_CAPTURE_AUTORELEASING = YES;
				CLANG_WARN_BOOL_CONVERSION = YES;
				CLANG_WARN_COMMA = YES;
				CLANG_WARN_CONSTANT_CONVERSION = YES;
				CLANG_WARN_DEPRECATED_OBJC_IMPLEMENTATIONS = YES;
				CLANG_WARN_DIRECT_OBJC_ISA_USAGE = YES_ERROR;
				CLANG_WARN_DOCUMENTATION_COMMENTS = YES;
				CLANG_WARN_EMPTY_BODY = YES;
				CLANG_WARN_ENUM_CONVERSION = YES;
				CLANG_WARN_INFINITE_RECURSION = YES;
				CLANG_WARN_INT_CONVERSION = YES;
				CLANG_WARN_NON_LITERAL_NULL_CONVERSION = YES;
				CLANG_WARN_OBJC_IMPLICIT_RETAIN_SELF = YES;
				CLANG_WARN_OBJC_LITERAL_CONVERSION = YES;
				CLANG_WARN_OBJC_ROOT_CLASS = YES_ERROR;
				CLANG_WARN_QUOTED_INCLUDE_IN_FRAMEWORK_HEADER = YES;
				CLANG_WARN_RANGE_LOOP_ANALYSIS = YES;
				CLANG_WARN_STRICT_PROTOTYPES = YES;
				CLANG_WARN_SUSPICIOUS_MOVE = YES;
				CLANG_WARN_UNGUARDED_AVAILABILITY = YES_AGGRESSIVE;
				CLANG_WARN_UNREACHABLE_CODE = YES;
				CLANG_WARN__DUPLICATE_METHOD_MATCH = YES;
				COPY_PHASE_STRIP = NO;
				DEBUG_INFORMATION_FORMAT = dwarf;
				ENABLE_STRICT_OBJC_MSGSEND = YES;
				ENABLE_TESTABILITY = YES;
				GCC_C_LANGUAGE_STANDARD = gnu11;
				GCC_DYNAMIC_NO_PIC = NO;
				GCC_NO_COMMON_BLOCKS = YES;
				GCC_OPTIMIZATION_LEVEL = 0;
				GCC_PREPROCESSOR_DEFINITIONS = (
					"DEBUG=1",
					"$(inherited)",
				);
				GCC_WARN_64_TO_32_BIT_CONVERSION = YES;
				GCC_WARN_ABOUT_RETURN_TYPE = YES_ERROR;
				GCC_WARN_UNDECLARED_SELECTOR = YES;
				GCC_WARN_UNINITIALIZED_AUTOS = YES_AGGRESSIVE;
				GCC_WARN_UNUSED_FUNCTION = YES;
				GCC_WARN_UNUSED_VARIABLE = YES;
				IPHONEOS_DEPLOYMENT_TARGET = 16.4;
				MTL_ENABLE_DEBUG_INFO = INCLUDE_SOURCE;
				MTL_FAST_MATH = YES;
				ONLY_ACTIVE_ARCH = YES;
				SDKROOT = iphoneos;
				SWIFT_ACTIVE_COMPILATION_CONDITIONS = DEBUG;
				SWIFT_OPTIMIZATION_LEVEL = "-Onone";
			};
			name = Debug;
		};
		975DEF312A21F3FB0082BFA5 /* Release */ = {
			isa = XCBuildConfiguration;
			buildSettings = {
				ALWAYS_SEARCH_USER_PATHS = NO;
				CLANG_ANALYZER_NONNULL = YES;
				CLANG_ANALYZER_NUMBER_OBJECT_CONVERSION = YES_AGGRESSIVE;
				CLANG_CXX_LANGUAGE_STANDARD = "gnu++20";
				CLANG_ENABLE_MODULES = YES;
				CLANG_ENABLE_OBJC_ARC = YES;
				CLANG_ENABLE_OBJC_WEAK = YES;
				CLANG_WARN_BLOCK_CAPTURE_AUTORELEASING = YES;
				CLANG_WARN_BOOL_CONVERSION = YES;
				CLANG_WARN_COMMA = YES;
				CLANG_WARN_CONSTANT_CONVERSION = YES;
				CLANG_WARN_DEPRECATED_OBJC_IMPLEMENTATIONS = YES;
				CLANG_WARN_DIRECT_OBJC_ISA_USAGE = YES_ERROR;
				CLANG_WARN_DOCUMENTATION_COMMENTS = YES;
				CLANG_WARN_EMPTY_BODY = YES;
				CLANG_WARN_ENUM_CONVERSION = YES;
				CLANG_WARN_INFINITE_RECURSION = YES;
				CLANG_WARN_INT_CONVERSION = YES;
				CLANG_WARN_NON_LITERAL_NULL_CONVERSION = YES;
				CLANG_WARN_OBJC_IMPLICIT_RETAIN_SELF = YES;
				CLANG_WARN_OBJC_LITERAL_CONVERSION = YES;
				CLANG_WARN_OBJC_ROOT_CLASS = YES_ERROR;
				CLANG_WARN_QUOTED_INCLUDE_IN_FRAMEWORK_HEADER = YES;
				CLANG_WARN_RANGE_LOOP_ANALYSIS = YES;
				CLANG_WARN_STRICT_PROTOTYPES = YES;
				CLANG_WARN_SUSPICIOUS_MOVE = YES;
				CLANG_WARN_UNGUARDED_AVAILABILITY = YES_AGGRESSIVE;
				CLANG_WARN_UNREACHABLE_CODE = YES;
				CLANG_WARN__DUPLICATE_METHOD_MATCH = YES;
				COPY_PHASE_STRIP = NO;
				DEBUG_INFORMATION_FORMAT = "dwarf-with-dsym";
				ENABLE_NS_ASSERTIONS = NO;
				ENABLE_STRICT_OBJC_MSGSEND = YES;
				GCC_C_LANGUAGE_STANDARD = gnu11;
				GCC_NO_COMMON_BLOCKS = YES;
				GCC_WARN_64_TO_32_BIT_CONVERSION = YES;
				GCC_WARN_ABOUT_RETURN_TYPE = YES_ERROR;
				GCC_WARN_UNDECLARED_SELECTOR = YES;
				GCC_WARN_UNINITIALIZED_AUTOS = YES_AGGRESSIVE;
				GCC_WARN_UNUSED_FUNCTION = YES;
				GCC_WARN_UNUSED_VARIABLE = YES;
				IPHONEOS_DEPLOYMENT_TARGET = 16.4;
				MTL_ENABLE_DEBUG_INFO = NO;
				MTL_FAST_MATH = YES;
				SDKROOT = iphoneos;
				SWIFT_COMPILATION_MODE = wholemodule;
				SWIFT_OPTIMIZATION_LEVEL = "-O";
				VALIDATE_PRODUCT = YES;
			};
			name = Release;
		};
		975DEF332A21F3FB0082BFA5 /* Debug */ = {
			isa = XCBuildConfiguration;
			buildSettings = {
				ASSETCATALOG_COMPILER_APPICON_NAME = AppIcon;
				ASSETCATALOG_COMPILER_GLOBAL_ACCENT_COLOR_NAME = AccentColor;
				CODE_SIGN_STYLE = Automatic;
				CURRENT_PROJECT_VERSION = 1;
				DEVELOPMENT_ASSET_PATHS = "\"MazinShooting/Preview Content\"";
				DEVELOPMENT_TEAM = FYPDVM3FRG;
				ENABLE_PREVIEWS = YES;
				GENERATE_INFOPLIST_FILE = YES;
				INFOPLIST_FILE = MazinShooting/Info.plist;
				INFOPLIST_KEY_NSCameraUsageDescription = "";
				INFOPLIST_KEY_UIApplicationSupportsIndirectInputEvents = YES;
				INFOPLIST_KEY_UILaunchScreen_Generation = YES;
				INFOPLIST_KEY_UILaunchStoryboardName = "Launch Screen";
				INFOPLIST_KEY_UIRequiredDeviceCapabilities = arkit;
				INFOPLIST_KEY_UIStatusBarHidden = YES;
				INFOPLIST_KEY_UISupportedInterfaceOrientations_iPad = "UIInterfaceOrientationPortrait UIInterfaceOrientationPortraitUpsideDown UIInterfaceOrientationLandscapeLeft UIInterfaceOrientationLandscapeRight";
				INFOPLIST_KEY_UISupportedInterfaceOrientations_iPhone = "UIInterfaceOrientationPortrait UIInterfaceOrientationLandscapeLeft UIInterfaceOrientationLandscapeRight";
				LD_RUNPATH_SEARCH_PATHS = (
					"$(inherited)",
					"@executable_path/Frameworks",
				);
				MARKETING_VERSION = 1.0;
				PRODUCT_BUNDLE_IDENTIFIER = pokotieru.MazinShooting;
				PRODUCT_NAME = "$(TARGET_NAME)";
				SWIFT_EMIT_LOC_STRINGS = YES;
				SWIFT_VERSION = 5.0;
				TARGETED_DEVICE_FAMILY = "1,2";
			};
			name = Debug;
		};
		975DEF342A21F3FB0082BFA5 /* Release */ = {
			isa = XCBuildConfiguration;
			buildSettings = {
				ASSETCATALOG_COMPILER_APPICON_NAME = AppIcon;
				ASSETCATALOG_COMPILER_GLOBAL_ACCENT_COLOR_NAME = AccentColor;
				CODE_SIGN_STYLE = Automatic;
				CURRENT_PROJECT_VERSION = 1;
				DEVELOPMENT_ASSET_PATHS = "\"MazinShooting/Preview Content\"";
				DEVELOPMENT_TEAM = FYPDVM3FRG;
				ENABLE_PREVIEWS = YES;
				GENERATE_INFOPLIST_FILE = YES;
				INFOPLIST_FILE = MazinShooting/Info.plist;
				INFOPLIST_KEY_NSCameraUsageDescription = "";
				INFOPLIST_KEY_UIApplicationSupportsIndirectInputEvents = YES;
				INFOPLIST_KEY_UILaunchScreen_Generation = YES;
				INFOPLIST_KEY_UILaunchStoryboardName = "Launch Screen";
				INFOPLIST_KEY_UIRequiredDeviceCapabilities = arkit;
				INFOPLIST_KEY_UIStatusBarHidden = YES;
				INFOPLIST_KEY_UISupportedInterfaceOrientations_iPad = "UIInterfaceOrientationPortrait UIInterfaceOrientationPortraitUpsideDown UIInterfaceOrientationLandscapeLeft UIInterfaceOrientationLandscapeRight";
				INFOPLIST_KEY_UISupportedInterfaceOrientations_iPhone = "UIInterfaceOrientationPortrait UIInterfaceOrientationLandscapeLeft UIInterfaceOrientationLandscapeRight";
				LD_RUNPATH_SEARCH_PATHS = (
					"$(inherited)",
					"@executable_path/Frameworks",
				);
				MARKETING_VERSION = 1.0;
				PRODUCT_BUNDLE_IDENTIFIER = pokotieru.MazinShooting;
				PRODUCT_NAME = "$(TARGET_NAME)";
				SWIFT_EMIT_LOC_STRINGS = YES;
				SWIFT_VERSION = 5.0;
				TARGETED_DEVICE_FAMILY = "1,2";
			};
			name = Release;
		};
		975DEF362A21F3FB0082BFA5 /* Debug */ = {
			isa = XCBuildConfiguration;
			buildSettings = {
				ALWAYS_EMBED_SWIFT_STANDARD_LIBRARIES = YES;
				BUNDLE_LOADER = "$(TEST_HOST)";
				CODE_SIGN_STYLE = Automatic;
				CURRENT_PROJECT_VERSION = 1;
				DEVELOPMENT_TEAM = FYPDVM3FRG;
				GENERATE_INFOPLIST_FILE = YES;
				IPHONEOS_DEPLOYMENT_TARGET = 16.4;
				MARKETING_VERSION = 1.0;
				PRODUCT_BUNDLE_IDENTIFIER = pokotieru.MazinShootingTests;
				PRODUCT_NAME = "$(TARGET_NAME)";
				SWIFT_EMIT_LOC_STRINGS = NO;
				SWIFT_VERSION = 5.0;
				TARGETED_DEVICE_FAMILY = "1,2";
				TEST_HOST = "$(BUILT_PRODUCTS_DIR)/MazinShooting.app/$(BUNDLE_EXECUTABLE_FOLDER_PATH)/MazinShooting";
			};
			name = Debug;
		};
		975DEF372A21F3FB0082BFA5 /* Release */ = {
			isa = XCBuildConfiguration;
			buildSettings = {
				ALWAYS_EMBED_SWIFT_STANDARD_LIBRARIES = YES;
				BUNDLE_LOADER = "$(TEST_HOST)";
				CODE_SIGN_STYLE = Automatic;
				CURRENT_PROJECT_VERSION = 1;
				DEVELOPMENT_TEAM = FYPDVM3FRG;
				GENERATE_INFOPLIST_FILE = YES;
				IPHONEOS_DEPLOYMENT_TARGET = 16.4;
				MARKETING_VERSION = 1.0;
				PRODUCT_BUNDLE_IDENTIFIER = pokotieru.MazinShootingTests;
				PRODUCT_NAME = "$(TARGET_NAME)";
				SWIFT_EMIT_LOC_STRINGS = NO;
				SWIFT_VERSION = 5.0;
				TARGETED_DEVICE_FAMILY = "1,2";
				TEST_HOST = "$(BUILT_PRODUCTS_DIR)/MazinShooting.app/$(BUNDLE_EXECUTABLE_FOLDER_PATH)/MazinShooting";
			};
			name = Release;
		};
		975DEF392A21F3FB0082BFA5 /* Debug */ = {
			isa = XCBuildConfiguration;
			buildSettings = {
				ALWAYS_EMBED_SWIFT_STANDARD_LIBRARIES = YES;
				CODE_SIGN_STYLE = Automatic;
				CURRENT_PROJECT_VERSION = 1;
				DEVELOPMENT_TEAM = FYPDVM3FRG;
				GENERATE_INFOPLIST_FILE = YES;
				MARKETING_VERSION = 1.0;
				PRODUCT_BUNDLE_IDENTIFIER = pokotieru.MazinShootingUITests;
				PRODUCT_NAME = "$(TARGET_NAME)";
				SWIFT_EMIT_LOC_STRINGS = NO;
				SWIFT_VERSION = 5.0;
				TARGETED_DEVICE_FAMILY = "1,2";
				TEST_TARGET_NAME = MazinShooting;
			};
			name = Debug;
		};
		975DEF3A2A21F3FB0082BFA5 /* Release */ = {
			isa = XCBuildConfiguration;
			buildSettings = {
				ALWAYS_EMBED_SWIFT_STANDARD_LIBRARIES = YES;
				CODE_SIGN_STYLE = Automatic;
				CURRENT_PROJECT_VERSION = 1;
				DEVELOPMENT_TEAM = FYPDVM3FRG;
				GENERATE_INFOPLIST_FILE = YES;
				MARKETING_VERSION = 1.0;
				PRODUCT_BUNDLE_IDENTIFIER = pokotieru.MazinShootingUITests;
				PRODUCT_NAME = "$(TARGET_NAME)";
				SWIFT_EMIT_LOC_STRINGS = NO;
				SWIFT_VERSION = 5.0;
				TARGETED_DEVICE_FAMILY = "1,2";
				TEST_TARGET_NAME = MazinShooting;
			};
			name = Release;
		};
/* End XCBuildConfiguration section */

/* Begin XCConfigurationList section */
		975DEF072A21F3FA0082BFA5 /* Build configuration list for PBXProject "MazinShooting" */ = {
			isa = XCConfigurationList;
			buildConfigurations = (
				975DEF302A21F3FB0082BFA5 /* Debug */,
				975DEF312A21F3FB0082BFA5 /* Release */,
			);
			defaultConfigurationIsVisible = 0;
			defaultConfigurationName = Release;
		};
		975DEF322A21F3FB0082BFA5 /* Build configuration list for PBXNativeTarget "MazinShooting" */ = {
			isa = XCConfigurationList;
			buildConfigurations = (
				975DEF332A21F3FB0082BFA5 /* Debug */,
				975DEF342A21F3FB0082BFA5 /* Release */,
			);
			defaultConfigurationIsVisible = 0;
			defaultConfigurationName = Release;
		};
		975DEF352A21F3FB0082BFA5 /* Build configuration list for PBXNativeTarget "MazinShootingTests" */ = {
			isa = XCConfigurationList;
			buildConfigurations = (
				975DEF362A21F3FB0082BFA5 /* Debug */,
				975DEF372A21F3FB0082BFA5 /* Release */,
			);
			defaultConfigurationIsVisible = 0;
			defaultConfigurationName = Release;
		};
		975DEF382A21F3FB0082BFA5 /* Build configuration list for PBXNativeTarget "MazinShootingUITests" */ = {
			isa = XCConfigurationList;
			buildConfigurations = (
				975DEF392A21F3FB0082BFA5 /* Debug */,
				975DEF3A2A21F3FB0082BFA5 /* Release */,
			);
			defaultConfigurationIsVisible = 0;
			defaultConfigurationName = Release;
		};
/* End XCConfigurationList section */
	};
	rootObject = 975DEF042A21F3FA0082BFA5 /* Project object */;
}
